
Microsoft Visual Studio Solution File, Format Version 12.00
# Visual Studio 15
VisualStudioVersion = 15.0.27703.2035
MinimumVisualStudioVersion = 10.0.40219.1
Project("{FAE04EC0-301F-11D3-BF4B-00C04F79EFBC}") = "ParseJsonDraft", "ParseJsonDraft\ParseJsonDraft.csproj", "{6E6D56C6-1C8A-4ECA-8D1C-39D42F5AD28D}"
EndProject
Global
	GlobalSection(SolutionConfigurationPlatforms) = preSolution
		Debug|Any CPU = Debug|Any CPU
		Release|Any CPU = Release|Any CPU
	EndGlobalSection
	GlobalSection(ProjectConfigurationPlatforms) = postSolution
		{6E6D56C6-1C8A-4ECA-8D1C-39D42F5AD28D}.Debug|Any CPU.ActiveCfg = Debug|Any CPU
		{6E6D56C6-1C8A-4ECA-8D1C-39D42F5AD28D}.Debug|Any CPU.Build.0 = Debug|Any CPU
		{6E6D56C6-1C8A-4ECA-8D1C-39D42F5AD28D}.Release|Any CPU.ActiveCfg = Release|Any CPU
		{6E6D56C6-1C8A-4ECA-8D1C-39D42F5AD28D}.Release|Any CPU.Build.0 = Release|Any CPU
	EndGlobalSection
	GlobalSection(SolutionProperties) = preSolution
		HideSolutionNode = FALSE
	EndGlobalSection
	GlobalSection(ExtensibilityGlobals) = postSolution
		SolutionGuid = {F76C68C2-FDE2-4011-9D55-4A54E33E5253}
	EndGlobalSection
EndGlobal
